
Microsoft Visual Studio Solution File, Format Version 12.00
# Visual Studio Version 17
VisualStudioVersion = 17.11.35303.130
MinimumVisualStudioVersion = 10.0.40219.1
Project("{FAE04EC0-301F-11D3-BF4B-00C04F79EFBC}") = "ALMS.API", "ALMS.API\ALMS.API.csproj", "{06869C1D-75CE-4BA9-B824-66F820E31213}"
EndProject
Project("{FAE04EC0-301F-11D3-BF4B-00C04F79EFBC}") = "AMLS.API.Test", "AMLS.API.Test\AMLS.API.Test.csproj", "{96B070C6-5EE3-4A8A-AD60-134061DC1048}"
EndProject
Global
	GlobalSection(SolutionConfigurationPlatforms) = preSolution
		Debug|Any CPU = Debug|Any CPU
		Release|Any CPU = Release|Any CPU
	EndGlobalSection
	GlobalSection(ProjectConfigurationPlatforms) = postSolution
		{06869C1D-75CE-4BA9-B824-66F820E31213}.Debug|Any CPU.ActiveCfg = Debug|Any CPU
		{06869C1D-75CE-4BA9-B824-66F820E31213}.Debug|Any CPU.Build.0 = Debug|Any CPU
		{06869C1D-75CE-4BA9-B824-66F820E31213}.Release|Any CPU.ActiveCfg = Release|Any CPU
		{06869C1D-75CE-4BA9-B824-66F820E31213}.Release|Any CPU.Build.0 = Release|Any CPU
		{96B070C6-5EE3-4A8A-AD60-134061DC1048}.Debug|Any CPU.ActiveCfg = Debug|Any CPU
		{96B070C6-5EE3-4A8A-AD60-134061DC1048}.Debug|Any CPU.Build.0 = Debug|Any CPU
		{96B070C6-5EE3-4A8A-AD60-134061DC1048}.Release|Any CPU.ActiveCfg = Release|Any CPU
		{96B070C6-5EE3-4A8A-AD60-134061DC1048}.Release|Any CPU.Build.0 = Release|Any CPU
	EndGlobalSection
	GlobalSection(SolutionProperties) = preSolution
		HideSolutionNode = FALSE
	EndGlobalSection
	GlobalSection(ExtensibilityGlobals) = postSolution
		SolutionGuid = {D837E832-2034-473F-89D4-5CAE47237454}
	EndGlobalSection
EndGlobal
